
Microsoft Visual Studio Solution File, Format Version 12.00
Project("{FAE04EC0-301F-11D3-BF4B-00C04F79EFBC}") = "Testura.Code", "src\Testura.Code\Testura.Code.csproj", "{995EEDE4-58EE-465B-9BD5-FC06CBF4E469}"
EndProject
Project("{FAE04EC0-301F-11D3-BF4B-00C04F79EFBC}") = "Testura.Code.Tests", "src\Testura.Code.Tests\Testura.Code.Tests.csproj", "{36908994-48DF-405C-97F4-921281947D44}"
EndProject
Global
	GlobalSection(SolutionConfigurationPlatforms) = preSolution
		Debug|Any CPU = Debug|Any CPU
		Release|Any CPU = Release|Any CPU
	EndGlobalSection
	GlobalSection(ProjectConfigurationPlatforms) = postSolution
		{995EEDE4-58EE-465B-9BD5-FC06CBF4E469}.Debug|Any CPU.ActiveCfg = Debug|Any CPU
		{995EEDE4-58EE-465B-9BD5-FC06CBF4E469}.Debug|Any CPU.Build.0 = Debug|Any CPU
		{995EEDE4-58EE-465B-9BD5-FC06CBF4E469}.Release|Any CPU.ActiveCfg = Release|Any CPU
		{995EEDE4-58EE-465B-9BD5-FC06CBF4E469}.Release|Any CPU.Build.0 = Release|Any CPU
		{36908994-48DF-405C-97F4-921281947D44}.Debug|Any CPU.ActiveCfg = Debug|Any CPU
		{36908994-48DF-405C-97F4-921281947D44}.Debug|Any CPU.Build.0 = Debug|Any CPU
		{36908994-48DF-405C-97F4-921281947D44}.Release|Any CPU.ActiveCfg = Release|Any CPU
		{36908994-48DF-405C-97F4-921281947D44}.Release|Any CPU.Build.0 = Release|Any CPU
	EndGlobalSection
EndGlobal
