
Microsoft Visual Studio Solution File, Format Version 12.00
# Visual Studio 15
VisualStudioVersion = 15.0.26020.0
MinimumVisualStudioVersion = 10.0.40219.1
Project("{FAE04EC0-301F-11D3-BF4B-00C04F79EFBC}") = "Testura.Code", "src\Testura.Code\Testura.Code.csproj", "{00B9050D-ECCE-45CE-851C-A88BECB912E8}"
EndProject
Project("{FAE04EC0-301F-11D3-BF4B-00C04F79EFBC}") = "Testura.Code.Tests", "src\Testura.Code.Tests\Testura.Code.Tests.csproj", "{DD587B6A-71F4-4CD7-B290-97F70E37CB48}"
EndProject
Global
	GlobalSection(SolutionConfigurationPlatforms) = preSolution
		Debug|Any CPU = Debug|Any CPU
		Release|Any CPU = Release|Any CPU
	EndGlobalSection
	GlobalSection(ProjectConfigurationPlatforms) = postSolution
		{00B9050D-ECCE-45CE-851C-A88BECB912E8}.Debug|Any CPU.ActiveCfg = Debug|Any CPU
		{00B9050D-ECCE-45CE-851C-A88BECB912E8}.Debug|Any CPU.Build.0 = Debug|Any CPU
		{00B9050D-ECCE-45CE-851C-A88BECB912E8}.Release|Any CPU.ActiveCfg = Release|Any CPU
		{00B9050D-ECCE-45CE-851C-A88BECB912E8}.Release|Any CPU.Build.0 = Release|Any CPU
		{DD587B6A-71F4-4CD7-B290-97F70E37CB48}.Debug|Any CPU.ActiveCfg = Debug|Any CPU
		{DD587B6A-71F4-4CD7-B290-97F70E37CB48}.Debug|Any CPU.Build.0 = Debug|Any CPU
		{DD587B6A-71F4-4CD7-B290-97F70E37CB48}.Release|Any CPU.ActiveCfg = Release|Any CPU
		{DD587B6A-71F4-4CD7-B290-97F70E37CB48}.Release|Any CPU.Build.0 = Release|Any CPU
	EndGlobalSection
	GlobalSection(SolutionProperties) = preSolution
		HideSolutionNode = FALSE
	EndGlobalSection
EndGlobal
